{
  "pins" : [
    {
      "identity" : "gpuimage1swift",
      "kind" : "remoteSourceControl",
      "location" : "https://github.com/JWIMaster/GPUImage1Swift.git",
      "state" : {
        "branch" : "master",
        "revision" : "4a936d991f248bb18373aba4c326055b04f3e566"
      }
    },
    {
      "identity" : "uikitcompatkit",
      "kind" : "remoteSourceControl",
      "location" : "https://github.com/JWIMaster/UIKitCompatKit",
      "state" : {
        "branch" : "master",
        "revision" : "8df13256b69ad8688df92dc048ef11dda59ad2b1"
      }
    }
  ],
  "version" : 2
}
